
Microsoft Visual Studio Solution File, Format Version 12.00
# Visual Studio Version 17
VisualStudioVersion = 17.3.32901.215
MinimumVisualStudioVersion = 10.0.40219.1
Project("{9A19103F-16F7-4668-BE54-9A1E7A4F7556}") = "MyAnimeList.Auth.WebHost", "MyAnimeList.Auth.WebHost\MyAnimeList.Auth.WebHost.csproj", "{5E390C8D-1C58-484B-A705-CB1743557D01}"
EndProject
Project("{2150E333-8FDC-42A3-9474-1A3956D46DE8}") = "Solution Items", "Solution Items", "{94BA8F17-7412-4511-B26D-3F1A10D5E7C1}"
	ProjectSection(SolutionItems) = preProject
		.gitignore = .gitignore
	EndProjectSection
EndProject
Global
	GlobalSection(SolutionConfigurationPlatforms) = preSolution
		Debug|Any CPU = Debug|Any CPU
		Release|Any CPU = Release|Any CPU
	EndGlobalSection
	GlobalSection(ProjectConfigurationPlatforms) = postSolution
		{5E390C8D-1C58-484B-A705-CB1743557D01}.Debug|Any CPU.ActiveCfg = Debug|Any CPU
		{5E390C8D-1C58-484B-A705-CB1743557D01}.Debug|Any CPU.Build.0 = Debug|Any CPU
		{5E390C8D-1C58-484B-A705-CB1743557D01}.Release|Any CPU.ActiveCfg = Release|Any CPU
		{5E390C8D-1C58-484B-A705-CB1743557D01}.Release|Any CPU.Build.0 = Release|Any CPU
	EndGlobalSection
	GlobalSection(SolutionProperties) = preSolution
		HideSolutionNode = FALSE
	EndGlobalSection
	GlobalSection(ExtensibilityGlobals) = postSolution
		SolutionGuid = {24182339-17E9-4586-BD90-BA37C90E86C9}
	EndGlobalSection
EndGlobal
